
Microsoft Visual Studio Solution File, Format Version 12.00
Project("{FAE04EC0-301F-11D3-BF4B-00C04F79EFBC}") = "WebApiServer", "WebApiServer\WebApiServer.csproj", "{C08E72B2-E330-44AC-89EA-281A9F18E85B}"
EndProject
Project("{FAE04EC0-301F-11D3-BF4B-00C04F79EFBC}") = "WebApiClient", "WebApiClient\WebApiClient.csproj", "{8512B074-3866-4E60-824B-B50491E74333}"
EndProject
Project("{FAE04EC0-301F-11D3-BF4B-00C04F79EFBC}") = "ScheduleTest", "ScheduleTest\ScheduleTest.csproj", "{915871C5-DB3B-4C86-963E-99C669DC80E5}"
EndProject
Project("{FAE04EC0-301F-11D3-BF4B-00C04F79EFBC}") = "WpfSchedule", "WpfSchedule\WpfSchedule.csproj", "{AA620D5F-E8ED-4F4F-A76E-EAE30A8F7568}"
EndProject
Project("{2150E333-8FDC-42A3-9474-1A3956D46DE8}") = "Client", "Client", "{1674370B-190B-4BC2-BE68-59025D6078DA}"
EndProject
Project("{2150E333-8FDC-42A3-9474-1A3956D46DE8}") = "Server", "Server", "{1D5E6501-C1BC-4522-AA48-A58E8F87DFCD}"
EndProject
Project("{FAE04EC0-301F-11D3-BF4B-00C04F79EFBC}") = "ValueObjects", "ValueObjects\ValueObjects.csproj", "{D5FBB223-7964-467C-A38B-86A1A4741983}"
EndProject
Global
	GlobalSection(SolutionConfigurationPlatforms) = preSolution
		Debug|Any CPU = Debug|Any CPU
		Release|Any CPU = Release|Any CPU
	EndGlobalSection
	GlobalSection(ProjectConfigurationPlatforms) = postSolution
		{C08E72B2-E330-44AC-89EA-281A9F18E85B}.Debug|Any CPU.ActiveCfg = Debug|Any CPU
		{C08E72B2-E330-44AC-89EA-281A9F18E85B}.Debug|Any CPU.Build.0 = Debug|Any CPU
		{C08E72B2-E330-44AC-89EA-281A9F18E85B}.Release|Any CPU.ActiveCfg = Release|Any CPU
		{C08E72B2-E330-44AC-89EA-281A9F18E85B}.Release|Any CPU.Build.0 = Release|Any CPU
		{8512B074-3866-4E60-824B-B50491E74333}.Debug|Any CPU.ActiveCfg = Debug|Any CPU
		{8512B074-3866-4E60-824B-B50491E74333}.Debug|Any CPU.Build.0 = Debug|Any CPU
		{8512B074-3866-4E60-824B-B50491E74333}.Release|Any CPU.ActiveCfg = Release|Any CPU
		{8512B074-3866-4E60-824B-B50491E74333}.Release|Any CPU.Build.0 = Release|Any CPU
		{915871C5-DB3B-4C86-963E-99C669DC80E5}.Debug|Any CPU.ActiveCfg = Debug|Any CPU
		{915871C5-DB3B-4C86-963E-99C669DC80E5}.Debug|Any CPU.Build.0 = Debug|Any CPU
		{915871C5-DB3B-4C86-963E-99C669DC80E5}.Release|Any CPU.ActiveCfg = Release|Any CPU
		{915871C5-DB3B-4C86-963E-99C669DC80E5}.Release|Any CPU.Build.0 = Release|Any CPU
		{AA620D5F-E8ED-4F4F-A76E-EAE30A8F7568}.Debug|Any CPU.ActiveCfg = Debug|Any CPU
		{AA620D5F-E8ED-4F4F-A76E-EAE30A8F7568}.Debug|Any CPU.Build.0 = Debug|Any CPU
		{AA620D5F-E8ED-4F4F-A76E-EAE30A8F7568}.Release|Any CPU.ActiveCfg = Release|Any CPU
		{AA620D5F-E8ED-4F4F-A76E-EAE30A8F7568}.Release|Any CPU.Build.0 = Release|Any CPU
		{D5FBB223-7964-467C-A38B-86A1A4741983}.Debug|Any CPU.ActiveCfg = Debug|Any CPU
		{D5FBB223-7964-467C-A38B-86A1A4741983}.Debug|Any CPU.Build.0 = Debug|Any CPU
		{D5FBB223-7964-467C-A38B-86A1A4741983}.Release|Any CPU.ActiveCfg = Release|Any CPU
		{D5FBB223-7964-467C-A38B-86A1A4741983}.Release|Any CPU.Build.0 = Release|Any CPU
	EndGlobalSection
	GlobalSection(NestedProjects) = preSolution
		{915871C5-DB3B-4C86-963E-99C669DC80E5} = {1674370B-190B-4BC2-BE68-59025D6078DA}
		{8512B074-3866-4E60-824B-B50491E74333} = {1674370B-190B-4BC2-BE68-59025D6078DA}
		{AA620D5F-E8ED-4F4F-A76E-EAE30A8F7568} = {1674370B-190B-4BC2-BE68-59025D6078DA}
		{C08E72B2-E330-44AC-89EA-281A9F18E85B} = {1D5E6501-C1BC-4522-AA48-A58E8F87DFCD}
		{D5FBB223-7964-467C-A38B-86A1A4741983} = {1674370B-190B-4BC2-BE68-59025D6078DA}
	EndGlobalSection
EndGlobal
